{
  "name": "swofficial.github.io",
  "version": "1.0.0",
  "lockfileVersion": 3,
  "requires": true,
  "packages": {
    "": {
      "name": "swofficial.github.io",
      "version": "1.0.0",
      "license": "GPL-3.0",
      "dependencies": {
        "fullpage": "^1.5.1"
      }
    },
    "node_modules/fullpage": {
      "version": "1.5.1",
      "resolved": "https://registry.npmjs.org/fullpage/-/fullpage-1.5.1.tgz",
      "integrity": "sha512-Oqn2fWx8z85EH+fHEJbXDsXYrPFxlEzT/02wPW0AqqUshQZU/e5ht5n/zm5ajdi3I233ovBycnQ9PcEsfPI45w=="
    }
  }
}
